
Microsoft Visual Studio Solution File, Format Version 12.00
# Visual Studio Version 17
VisualStudioVersion = 17.3.32901.215
MinimumVisualStudioVersion = 10.0.40219.1
Project("{FAE04EC0-301F-11D3-BF4B-00C04F79EFBC}") = "uygulama15", "uygulama15\uygulama15.csproj", "{46041F09-4949-40BB-AA63-0C203A62BD3D}"
EndProject
Global
	GlobalSection(SolutionConfigurationPlatforms) = preSolution
		Debug|Any CPU = Debug|Any CPU
		Release|Any CPU = Release|Any CPU
	EndGlobalSection
	GlobalSection(ProjectConfigurationPlatforms) = postSolution
		{46041F09-4949-40BB-AA63-0C203A62BD3D}.Debug|Any CPU.ActiveCfg = Debug|Any CPU
		{46041F09-4949-40BB-AA63-0C203A62BD3D}.Debug|Any CPU.Build.0 = Debug|Any CPU
		{46041F09-4949-40BB-AA63-0C203A62BD3D}.Release|Any CPU.ActiveCfg = Release|Any CPU
		{46041F09-4949-40BB-AA63-0C203A62BD3D}.Release|Any CPU.Build.0 = Release|Any CPU
	EndGlobalSection
	GlobalSection(SolutionProperties) = preSolution
		HideSolutionNode = FALSE
	EndGlobalSection
	GlobalSection(ExtensibilityGlobals) = postSolution
		SolutionGuid = {980E290E-1643-414C-86C6-E0D3B8F4F9BD}
	EndGlobalSection
EndGlobal
